
Microsoft Visual Studio Solution File, Format Version 12.00
Project("{FAE04EC0-301F-11D3-BF4B-00C04F79EFBC}") = "UnityTypeTreeGeneratorCLI", "UnityTypeTreeGeneratorCLI\UnityTypeTreeGeneratorCLI.csproj", "{59E7E452-25E5-4943-9588-3BD88E7A9D79}"
EndProject
Project("{FAE04EC0-301F-11D3-BF4B-00C04F79EFBC}") = "AssetsTools.NET.MonoCecil", "AssetsTools.NET.MonoCecil\AssetsTools.NET.MonoCecil.csproj", "{22810300-DA9B-4AC1-AA4D-650FA218E323}"
EndProject
Global
	GlobalSection(SolutionConfigurationPlatforms) = preSolution
		Debug|Any CPU = Debug|Any CPU
		Release|Any CPU = Release|Any CPU
	EndGlobalSection
	GlobalSection(ProjectConfigurationPlatforms) = postSolution
		{59E7E452-25E5-4943-9588-3BD88E7A9D79}.Debug|Any CPU.ActiveCfg = Debug|Any CPU
		{59E7E452-25E5-4943-9588-3BD88E7A9D79}.Debug|Any CPU.Build.0 = Debug|Any CPU
		{59E7E452-25E5-4943-9588-3BD88E7A9D79}.Release|Any CPU.ActiveCfg = Release|Any CPU
		{59E7E452-25E5-4943-9588-3BD88E7A9D79}.Release|Any CPU.Build.0 = Release|Any CPU
		{22810300-DA9B-4AC1-AA4D-650FA218E323}.Debug|Any CPU.ActiveCfg = Debug|Any CPU
		{22810300-DA9B-4AC1-AA4D-650FA218E323}.Debug|Any CPU.Build.0 = Debug|Any CPU
		{22810300-DA9B-4AC1-AA4D-650FA218E323}.Release|Any CPU.ActiveCfg = Release|Any CPU
		{22810300-DA9B-4AC1-AA4D-650FA218E323}.Release|Any CPU.Build.0 = Release|Any CPU
	EndGlobalSection
EndGlobal
